
Microsoft Visual Studio Solution File, Format Version 12.00
# Visual Studio Version 16
VisualStudioVersion = 16.0.29230.47
MinimumVisualStudioVersion = 10.0.40219.1
Project("{9A19103F-16F7-4668-BE54-9A1E7A4F7556}") = "SmartCardSignerApi", "Test\SmartCardSignerApi.csproj", "{E022C890-FFFD-4705-802C-5C22BFC4CDB0}"
EndProject
Project("{9A19103F-16F7-4668-BE54-9A1E7A4F7556}") = "SmartCardReader.Windows", "SmartCardReader.Windows\SmartCardReader.Windows.csproj", "{6E0D7FD7-CBA1-4C19-B0ED-0FAC55EBA7D8}"
EndProject
Global
	GlobalSection(SolutionConfigurationPlatforms) = preSolution
		Debug|Any CPU = Debug|Any CPU
		Release|Any CPU = Release|Any CPU
	EndGlobalSection
	GlobalSection(ProjectConfigurationPlatforms) = postSolution
		{E022C890-FFFD-4705-802C-5C22BFC4CDB0}.Debug|Any CPU.ActiveCfg = Debug|Any CPU
		{E022C890-FFFD-4705-802C-5C22BFC4CDB0}.Debug|Any CPU.Build.0 = Debug|Any CPU
		{E022C890-FFFD-4705-802C-5C22BFC4CDB0}.Release|Any CPU.ActiveCfg = Release|Any CPU
		{E022C890-FFFD-4705-802C-5C22BFC4CDB0}.Release|Any CPU.Build.0 = Release|Any CPU
		{6E0D7FD7-CBA1-4C19-B0ED-0FAC55EBA7D8}.Debug|Any CPU.ActiveCfg = Debug|Any CPU
		{6E0D7FD7-CBA1-4C19-B0ED-0FAC55EBA7D8}.Debug|Any CPU.Build.0 = Debug|Any CPU
		{6E0D7FD7-CBA1-4C19-B0ED-0FAC55EBA7D8}.Release|Any CPU.ActiveCfg = Release|Any CPU
		{6E0D7FD7-CBA1-4C19-B0ED-0FAC55EBA7D8}.Release|Any CPU.Build.0 = Release|Any CPU
	EndGlobalSection
	GlobalSection(SolutionProperties) = preSolution
		HideSolutionNode = FALSE
	EndGlobalSection
	GlobalSection(ExtensibilityGlobals) = postSolution
		SolutionGuid = {D4D9CC3A-9997-4603-B0B3-2C0B2DD6DC2F}
	EndGlobalSection
EndGlobal
